
Microsoft Visual Studio Solution File, Format Version 12.00
# Visual Studio 15
VisualStudioVersion = 15.0.28307.902
MinimumVisualStudioVersion = 10.0.40219.1
Project("{FAE04EC0-301F-11D3-BF4B-00C04F79EFBC}") = "labPIS", "labPIS\labPIS.csproj", "{B08A7688-B062-42DA-BAA9-5CA68E71860C}"
EndProject
Global
	GlobalSection(SolutionConfigurationPlatforms) = preSolution
		Debug|Any CPU = Debug|Any CPU
		Release|Any CPU = Release|Any CPU
	EndGlobalSection
	GlobalSection(ProjectConfigurationPlatforms) = postSolution
		{B08A7688-B062-42DA-BAA9-5CA68E71860C}.Debug|Any CPU.ActiveCfg = Debug|Any CPU
		{B08A7688-B062-42DA-BAA9-5CA68E71860C}.Debug|Any CPU.Build.0 = Debug|Any CPU
		{B08A7688-B062-42DA-BAA9-5CA68E71860C}.Release|Any CPU.ActiveCfg = Release|Any CPU
		{B08A7688-B062-42DA-BAA9-5CA68E71860C}.Release|Any CPU.Build.0 = Release|Any CPU
	EndGlobalSection
	GlobalSection(SolutionProperties) = preSolution
		HideSolutionNode = FALSE
	EndGlobalSection
	GlobalSection(ExtensibilityGlobals) = postSolution
		SolutionGuid = {2C28B0C5-B198-49CF-8CB7-78D7EFC88943}
	EndGlobalSection
EndGlobal
